dependencies:
  espressif/led_strip:
    component_hash: 28c6509a727ef74925b372ed404772aeedf11cce10b78c3f69b3c66799095e2d
    source:
      service_url: https://api.components.espressif.com/
      type: service
    version: 2.5.5
  idf:
    component_hash: null
    source:
      type: idf
    version: 5.1.2
manifest_hash: 08df13c4df65b2ae85eb3865c4fa743194b7d187ca49d8eb245993645e7eec1c
target: esp32c3
version: 1.0.0
